
Microsoft Visual Studio Solution File, Format Version 12.00
# Visual Studio Version 16
VisualStudioVersion = 16.0.29409.12
MinimumVisualStudioVersion = 10.0.40219.1
Project("{FAE04EC0-301F-11D3-BF4B-00C04F79EFBC}") = "Ch05Ex03", "Ch05Ex03\Ch05Ex03.csproj", "{FF3B6C9D-4F28-4BDC-8D2D-3ECA35A9576B}"
EndProject
Global
	GlobalSection(SolutionConfigurationPlatforms) = preSolution
		Debug|Any CPU = Debug|Any CPU
		Release|Any CPU = Release|Any CPU
	EndGlobalSection
	GlobalSection(ProjectConfigurationPlatforms) = postSolution
		{FF3B6C9D-4F28-4BDC-8D2D-3ECA35A9576B}.Debug|Any CPU.ActiveCfg = Debug|Any CPU
		{FF3B6C9D-4F28-4BDC-8D2D-3ECA35A9576B}.Debug|Any CPU.Build.0 = Debug|Any CPU
		{FF3B6C9D-4F28-4BDC-8D2D-3ECA35A9576B}.Release|Any CPU.ActiveCfg = Release|Any CPU
		{FF3B6C9D-4F28-4BDC-8D2D-3ECA35A9576B}.Release|Any CPU.Build.0 = Release|Any CPU
	EndGlobalSection
	GlobalSection(SolutionProperties) = preSolution
		HideSolutionNode = FALSE
	EndGlobalSection
	GlobalSection(ExtensibilityGlobals) = postSolution
		SolutionGuid = {C44D91E0-8348-4E3E-AD08-869B4621B5FB}
	EndGlobalSection
EndGlobal
